
Microsoft Visual Studio Solution File, Format Version 12.00
# Visual Studio Version 17
VisualStudioVersion = 17.14.36310.24 d17.14
MinimumVisualStudioVersion = 10.0.40219.1
Project("{FAE04EC0-301F-11D3-BF4B-00C04F79EFBC}") = "LambdaFunction", "LambdaFunction\LambdaFunction.csproj", "{C9F3F7B7-B93B-42AD-96A4-4C7B3CC37E1B}"
EndProject
Global
	GlobalSection(SolutionConfigurationPlatforms) = preSolution
		Debug|Any CPU = Debug|Any CPU
		Release|Any CPU = Release|Any CPU
	EndGlobalSection
	GlobalSection(ProjectConfigurationPlatforms) = postSolution
		{C9F3F7B7-B93B-42AD-96A4-4C7B3CC37E1B}.Debug|Any CPU.ActiveCfg = Debug|Any CPU
		{C9F3F7B7-B93B-42AD-96A4-4C7B3CC37E1B}.Debug|Any CPU.Build.0 = Debug|Any CPU
		{C9F3F7B7-B93B-42AD-96A4-4C7B3CC37E1B}.Release|Any CPU.ActiveCfg = Release|Any CPU
		{C9F3F7B7-B93B-42AD-96A4-4C7B3CC37E1B}.Release|Any CPU.Build.0 = Release|Any CPU
	EndGlobalSection
	GlobalSection(SolutionProperties) = preSolution
		HideSolutionNode = FALSE
	EndGlobalSection
	GlobalSection(ExtensibilityGlobals) = postSolution
		SolutionGuid = {1EA87C79-4E9A-4D2C-9700-4E4D1E4D4AAC}
	EndGlobalSection
EndGlobal
