
Microsoft Visual Studio Solution File, Format Version 12.00
# Visual Studio Version 17
VisualStudioVersion = 17.14.36310.24
MinimumVisualStudioVersion = 10.0.40219.1
Project("{FAE04EC0-301F-11D3-BF4B-00C04F79EFBC}") = "AbsConEx", "AbsConEx\AbsConEx.csproj", "{BB055447-4DC1-4A94-9F84-477E0E5F8AE0}"
EndProject
Project("{FAE04EC0-301F-11D3-BF4B-00C04F79EFBC}") = "ExceptionHandling", "..\ExceptionHandling\ExceptionHandling.csproj", "{9E225ECC-E7FF-48BC-8AC2-F1329162B21B}"
EndProject
Global
	GlobalSection(SolutionConfigurationPlatforms) = preSolution
		Debug|Any CPU = Debug|Any CPU
		Release|Any CPU = Release|Any CPU
	EndGlobalSection
	GlobalSection(ProjectConfigurationPlatforms) = postSolution
		{BB055447-4DC1-4A94-9F84-477E0E5F8AE0}.Debug|Any CPU.ActiveCfg = Debug|Any CPU
		{BB055447-4DC1-4A94-9F84-477E0E5F8AE0}.Debug|Any CPU.Build.0 = Debug|Any CPU
		{BB055447-4DC1-4A94-9F84-477E0E5F8AE0}.Release|Any CPU.ActiveCfg = Release|Any CPU
		{BB055447-4DC1-4A94-9F84-477E0E5F8AE0}.Release|Any CPU.Build.0 = Release|Any CPU
		{9E225ECC-E7FF-48BC-8AC2-F1329162B21B}.Debug|Any CPU.ActiveCfg = Debug|Any CPU
		{9E225ECC-E7FF-48BC-8AC2-F1329162B21B}.Debug|Any CPU.Build.0 = Debug|Any CPU
		{9E225ECC-E7FF-48BC-8AC2-F1329162B21B}.Release|Any CPU.ActiveCfg = Release|Any CPU
		{9E225ECC-E7FF-48BC-8AC2-F1329162B21B}.Release|Any CPU.Build.0 = Release|Any CPU
	EndGlobalSection
	GlobalSection(SolutionProperties) = preSolution
		HideSolutionNode = FALSE
	EndGlobalSection
	GlobalSection(ExtensibilityGlobals) = postSolution
		SolutionGuid = {8AA0C327-A549-4FDA-A375-00E1C67B3622}
	EndGlobalSection
EndGlobal
