
Microsoft Visual Studio Solution File, Format Version 12.00
# Visual Studio Version 17
VisualStudioVersion = 17.14.36310.24 d17.14
MinimumVisualStudioVersion = 10.0.40219.1
Project("{FAE04EC0-301F-11D3-BF4B-00C04F79EFBC}") = "AgentProject.Models", "Agent\AgentProject.Models.csproj", "{0B8FBFD8-D394-416F-985C-193FF53876F4}"
EndProject
Project("{FAE04EC0-301F-11D3-BF4B-00C04F79EFBC}") = "AgentProject.Exception", "AgentProject.Exception\AgentProject.Exception.csproj", "{5306497B-8056-4224-855A-847FC35C918B}"
EndProject
Global
	GlobalSection(SolutionConfigurationPlatforms) = preSolution
		Debug|Any CPU = Debug|Any CPU
		Release|Any CPU = Release|Any CPU
	EndGlobalSection
	GlobalSection(ProjectConfigurationPlatforms) = postSolution
		{0B8FBFD8-D394-416F-985C-193FF53876F4}.Debug|Any CPU.ActiveCfg = Debug|Any CPU
		{0B8FBFD8-D394-416F-985C-193FF53876F4}.Debug|Any CPU.Build.0 = Debug|Any CPU
		{0B8FBFD8-D394-416F-985C-193FF53876F4}.Release|Any CPU.ActiveCfg = Release|Any CPU
		{0B8FBFD8-D394-416F-985C-193FF53876F4}.Release|Any CPU.Build.0 = Release|Any CPU
		{5306497B-8056-4224-855A-847FC35C918B}.Debug|Any CPU.ActiveCfg = Debug|Any CPU
		{5306497B-8056-4224-855A-847FC35C918B}.Debug|Any CPU.Build.0 = Debug|Any CPU
		{5306497B-8056-4224-855A-847FC35C918B}.Release|Any CPU.ActiveCfg = Release|Any CPU
		{5306497B-8056-4224-855A-847FC35C918B}.Release|Any CPU.Build.0 = Release|Any CPU
	EndGlobalSection
	GlobalSection(SolutionProperties) = preSolution
		HideSolutionNode = FALSE
	EndGlobalSection
	GlobalSection(ExtensibilityGlobals) = postSolution
		SolutionGuid = {ED1067AB-1AA9-431C-BE44-3DB387B3C032}
	EndGlobalSection
EndGlobal
