
Microsoft Visual Studio Solution File, Format Version 12.00
# Visual Studio Version 17
VisualStudioVersion = 17.14.36310.24 d17.14
MinimumVisualStudioVersion = 10.0.40219.1
Project("{FAE04EC0-301F-11D3-BF4B-00C04F79EFBC}") = "PropertiesExample", "PropertiesExample\PropertiesExample.csproj", "{1A94C755-C98A-499F-BA19-BBD7911180A0}"
EndProject
Global
	GlobalSection(SolutionConfigurationPlatforms) = preSolution
		Debug|Any CPU = Debug|Any CPU
		Release|Any CPU = Release|Any CPU
	EndGlobalSection
	GlobalSection(ProjectConfigurationPlatforms) = postSolution
		{1A94C755-C98A-499F-BA19-BBD7911180A0}.Debug|Any CPU.ActiveCfg = Debug|Any CPU
		{1A94C755-C98A-499F-BA19-BBD7911180A0}.Debug|Any CPU.Build.0 = Debug|Any CPU
		{1A94C755-C98A-499F-BA19-BBD7911180A0}.Release|Any CPU.ActiveCfg = Release|Any CPU
		{1A94C755-C98A-499F-BA19-BBD7911180A0}.Release|Any CPU.Build.0 = Release|Any CPU
	EndGlobalSection
	GlobalSection(SolutionProperties) = preSolution
		HideSolutionNode = FALSE
	EndGlobalSection
	GlobalSection(ExtensibilityGlobals) = postSolution
		SolutionGuid = {1B6E8ABD-999F-4E69-8AB0-0C12BE4D256A}
	EndGlobalSection
EndGlobal
