
Microsoft Visual Studio Solution File, Format Version 12.00
# Visual Studio Version 17
VisualStudioVersion = 17.14.36310.24 d17.14
MinimumVisualStudioVersion = 10.0.40219.1
Project("{FAE04EC0-301F-11D3-BF4B-00C04F79EFBC}") = "CalculationLibrary", "CalculationLibrary\CalculationLibrary.csproj", "{942C8719-2744-40C2-8B5F-1C527E59F223}"
EndProject
Project("{FAE04EC0-301F-11D3-BF4B-00C04F79EFBC}") = "CalculationCilent", "..\CalculationCilent\CalculationCilent.csproj", "{89818432-5696-4C85-A089-1AE277A9FCBC}"
EndProject
Project("{FAE04EC0-301F-11D3-BF4B-00C04F79EFBC}") = "DemoApp", "..\DemoApp\DemoApp.csproj", "{9FE45528-6672-4324-BBBD-9DA72CB32326}"
EndProject
Global
	GlobalSection(SolutionConfigurationPlatforms) = preSolution
		Debug|Any CPU = Debug|Any CPU
		Release|Any CPU = Release|Any CPU
	EndGlobalSection
	GlobalSection(ProjectConfigurationPlatforms) = postSolution
		{942C8719-2744-40C2-8B5F-1C527E59F223}.Debug|Any CPU.ActiveCfg = Debug|Any CPU
		{942C8719-2744-40C2-8B5F-1C527E59F223}.Debug|Any CPU.Build.0 = Debug|Any CPU
		{942C8719-2744-40C2-8B5F-1C527E59F223}.Release|Any CPU.ActiveCfg = Release|Any CPU
		{942C8719-2744-40C2-8B5F-1C527E59F223}.Release|Any CPU.Build.0 = Release|Any CPU
		{89818432-5696-4C85-A089-1AE277A9FCBC}.Debug|Any CPU.ActiveCfg = Debug|Any CPU
		{89818432-5696-4C85-A089-1AE277A9FCBC}.Debug|Any CPU.Build.0 = Debug|Any CPU
		{89818432-5696-4C85-A089-1AE277A9FCBC}.Release|Any CPU.ActiveCfg = Release|Any CPU
		{89818432-5696-4C85-A089-1AE277A9FCBC}.Release|Any CPU.Build.0 = Release|Any CPU
		{9FE45528-6672-4324-BBBD-9DA72CB32326}.Debug|Any CPU.ActiveCfg = Debug|Any CPU
		{9FE45528-6672-4324-BBBD-9DA72CB32326}.Debug|Any CPU.Build.0 = Debug|Any CPU
		{9FE45528-6672-4324-BBBD-9DA72CB32326}.Release|Any CPU.ActiveCfg = Release|Any CPU
		{9FE45528-6672-4324-BBBD-9DA72CB32326}.Release|Any CPU.Build.0 = Release|Any CPU
	EndGlobalSection
	GlobalSection(SolutionProperties) = preSolution
		HideSolutionNode = FALSE
	EndGlobalSection
	GlobalSection(ExtensibilityGlobals) = postSolution
		SolutionGuid = {95193FDF-BDCE-43AE-AED0-F2D82DF00573}
	EndGlobalSection
EndGlobal
